// !$*UTF8*$!
{
	archiveVersion = 1;
	classes = {
	};
	objectVersion = 48;
	objects = {

/* Begin PBXBuildFile section */
		AF867FA141833A7266A4AD67 /* Pods_TumblerMockUp.framework in Frameworks */ = {isa = PBXBuildFile; fileRef = CECAD00C99B97B33878CBE5E /* Pods_TumblerMockUp.framework */; };
		BE60A4B71FB78AB300337B13 /* AppDelegate.swift in Sources */ = {isa = PBXBuildFile; fileRef = BE60A4B61FB78AB300337B13 /* AppDelegate.swift */; };
		BE60A4BC1FB78AB300337B13 /* Main.storyboard in Resources */ = {isa = PBXBuildFile; fileRef = BE60A4BA1FB78AB300337B13 /* Main.storyboard */; };
		BE60A4BE1FB78AB300337B13 /* Assets.xcassets in Resources */ = {isa = PBXBuildFile; fileRef = BE60A4BD1FB78AB300337B13 /* Assets.xcassets */; };
		BE60A4C11FB78AB300337B13 /* LaunchScreen.storyboard in Resources */ = {isa = PBXBuildFile; fileRef = BE60A4BF1FB78AB300337B13 /* LaunchScreen.storyboard */; };
		BE60A4CB1FB790AD00337B13 /* PhotosViewController.swift in Sources */ = {isa = PBXBuildFile; fileRef = BE60A4CA1FB790AD00337B13 /* PhotosViewController.swift */; };
		BE60A4CD1FB799D300337B13 /* PhotoCell.swift in Sources */ = {isa = PBXBuildFile; fileRef = BE60A4CC1FB799D300337B13 /* PhotoCell.swift */; };
		BEE60D031FC0C927008DE3EE /* PhotoDetailViewController.swift in Sources */ = {isa = PBXBuildFile; fileRef = BEE60D021FC0C927008DE3EE /* PhotoDetailViewController.swift */; };
/* End PBXBuildFile section */

/* Begin PBXFileReference section */
		2F60A8F2C77B6F556E8E3AD2 /* Pods-TumblerMockUp.debug.xcconfig */ = {isa = PBXFileReference; includeInIndex = 1; lastKnownFileType = text.xcconfig; name = "Pods-TumblerMockUp.debug.xcconfig"; path = "Pods/Target Support Files/Pods-TumblerMockUp/Pods-TumblerMockUp.debug.xcconfig"; sourceTree = "<group>"; };
		BE60A4B31FB78AB300337B13 /* TumblerMockUp.app */ = {isa = PBXFileReference; explicitFileType = wrapper.application; includeInIndex = 0; path = TumblerMockUp.app; sourceTree = BUILT_PRODUCTS_DIR; };
		BE60A4B61FB78AB300337B13 /* AppDelegate.swift */ = {isa = PBXFileReference; lastKnownFileType = sourcecode.swift; path = AppDelegate.swift; sourceTree = "<group>"; };
		BE60A4BB1FB78AB300337B13 /* Base */ = {isa = PBXFileReference; lastKnownFileType = file.storyboard; name = Base; path = Base.lproj/Main.storyboard; sourceTree = "<group>"; };
		BE60A4BD1FB78AB300337B13 /* Assets.xcassets */ = {isa = PBXFileReference; lastKnownFileType = folder.assetcatalog; path = Assets.xcassets; sourceTree = "<group>"; };
		BE60A4C01FB78AB300337B13 /* Base */ = {isa = PBXFileReference; lastKnownFileType = file.storyboard; name = Base; path = Base.lproj/LaunchScreen.storyboard; sourceTree = "<group>"; };
		BE60A4C21FB78AB300337B13 /* Info.plist */ = {isa = PBXFileReference; lastKnownFileType = text.plist.xml; path = Info.plist; sourceTree = "<group>"; };
		BE60A4CA1FB790AD00337B13 /* PhotosViewController.swift */ = {isa = PBXFileReference; lastKnownFileType = sourcecode.swift; path = PhotosViewController.swift; sourceTree = "<group>"; };
		BE60A4CC1FB799D300337B13 /* PhotoCell.swift */ = {isa = PBXFileReference; lastKnownFileType = sourcecode.swift; path = PhotoCell.swift; sourceTree = "<group>"; };
		BEE60D021FC0C927008DE3EE /* PhotoDetailViewController.swift */ = {isa = PBXFileReference; lastKnownFileType = sourcecode.swift; path = PhotoDetailViewController.swift; sourceTree = "<group>"; };
		CECAD00C99B97B33878CBE5E /* Pods_TumblerMockUp.framework */ = {isa = PBXFileReference; explicitFileType = wrapper.framework; includeInIndex = 0; path = Pods_TumblerMockUp.framework; sourceTree = BUILT_PRODUCTS_DIR; };
		D831325A70D038130AB95141 /* Pods-TumblerMockUp.release.xcconfig */ = {isa = PBXFileReference; includeInIndex = 1; lastKnownFileType = text.xcconfig; name = "Pods-TumblerMockUp.release.xcconfig"; path = "Pods/Target Support Files/Pods-TumblerMockUp/Pods-TumblerMockUp.release.xcconfig"; sourceTree = "<group>"; };
/* End PBXFileReference section */

/* Begin PBXFrameworksBuildPhase section */
		BE60A4B01FB78AB300337B13 /* Frameworks */ = {
			isa = PBXFrameworksBuildPhase;
			buildActionMask = 2147483647;
			files = (
				AF867FA141833A7266A4AD67 /* Pods_TumblerMockUp.framework in Frameworks */,
			);
			runOnlyForDeploymentPostprocessing = 0;
		};
/* End PBXFrameworksBuildPhase section */

/* Begin PBXGroup section */
		2AA3C29E95965325A4D36913 /* Pods */ = {
			isa = PBXGroup;
			children = (
				2F60A8F2C77B6F556E8E3AD2 /* Pods-TumblerMockUp.debug.xcconfig */,
				D831325A70D038130AB95141 /* Pods-TumblerMockUp.release.xcconfig */,
			);
			name = Pods;
			sourceTree = "<group>";
		};
		47371912C3BA9389BAA8C5E4 /* Frameworks */ = {
			isa = PBXGroup;
			children = (
				CECAD00C99B97B33878CBE5E /* Pods_TumblerMockUp.framework */,
			);
			name = Frameworks;
			sourceTree = "<group>";
		};
		BE60A4AA1FB78AB300337B13 = {
			isa = PBXGroup;
			children = (
				BE60A4B51FB78AB300337B13 /* TumblerMockUp */,
				BE60A4B41FB78AB300337B13 /* Products */,
				2AA3C29E95965325A4D36913 /* Pods */,
				47371912C3BA9389BAA8C5E4 /* Frameworks */,
			);
			sourceTree = "<group>";
		};
		BE60A4B41FB78AB300337B13 /* Products */ = {
			isa = PBXGroup;
			children = (
				BE60A4B31FB78AB300337B13 /* TumblerMockUp.app */,
			);
			name = Products;
			sourceTree = "<group>";
		};
		BE60A4B51FB78AB300337B13 /* TumblerMockUp */ = {
			isa = PBXGroup;
			children = (
				BE60A4CA1FB790AD00337B13 /* PhotosViewController.swift */,
				BE60A4B61FB78AB300337B13 /* AppDelegate.swift */,
				BE60A4BA1FB78AB300337B13 /* Main.storyboard */,
				BEE60D021FC0C927008DE3EE /* PhotoDetailViewController.swift */,
				BE60A4CC1FB799D300337B13 /* PhotoCell.swift */,
				BE60A4BD1FB78AB300337B13 /* Assets.xcassets */,
				BE60A4BF1FB78AB300337B13 /* LaunchScreen.storyboard */,
				BE60A4C21FB78AB300337B13 /* Info.plist */,
			);
			path = TumblerMockUp;
			sourceTree = "<group>";
		};
/* End PBXGroup section */

/* Begin PBXNativeTarget section */
		BE60A4B21FB78AB300337B13 /* TumblerMockUp */ = {
			isa = PBXNativeTarget;
			buildConfigurationList = BE60A4C51FB78AB300337B13 /* Build configuration list for PBXNativeTarget "TumblerMockUp" */;
			buildPhases = (
				665EB61CE7F44B29A9CD7E4E /* [CP] Check Pods Manifest.lock */,
				BE60A4AF1FB78AB300337B13 /* Sources */,
				BE60A4B01FB78AB300337B13 /* Frameworks */,
				BE60A4B11FB78AB300337B13 /* Resources */,
				BD601DA367E516579DCABE86 /* [CP] Embed Pods Frameworks */,
				0144055EF59698768AB0C0F5 /* [CP] Copy Pods Resources */,
			);
			buildRules = (
			);
			dependencies = (
			);
			name = TumblerMockUp;
			productName = TumblerMockUp;
			productReference = BE60A4B31FB78AB300337B13 /* TumblerMockUp.app */;
			productType = "com.apple.product-type.application";
		};
/* End PBXNativeTarget section */

/* Begin PBXProject section */
		BE60A4AB1FB78AB300337B13 /* Project object */ = {
			isa = PBXProject;
			attributes = {
				LastSwiftUpdateCheck = 0910;
				LastUpgradeCheck = 0910;
				ORGANIZATIONNAME = HLPostman;
				TargetAttributes = {
					BE60A4B21FB78AB300337B13 = {
						CreatedOnToolsVersion = 9.1;
						ProvisioningStyle = Automatic;
					};
				};
			};
			buildConfigurationList = BE60A4AE1FB78AB300337B13 /* Build configuration list for PBXProject "TumblerMockUp" */;
			compatibilityVersion = "Xcode 8.0";
			developmentRegion = en;
			hasScannedForEncodings = 0;
			knownRegions = (
				en,
				Base,
			);
			mainGroup = BE60A4AA1FB78AB300337B13;
			productRefGroup = BE60A4B41FB78AB300337B13 /* Products */;
			projectDirPath = "";
			projectRoot = "";
			targets = (
				BE60A4B21FB78AB300337B13 /* TumblerMockUp */,
			);
		};
/* End PBXProject section */

/* Begin PBXResourcesBuildPhase section */
		BE60A4B11FB78AB300337B13 /* Resources */ = {
			isa = PBXResourcesBuildPhase;
			buildActionMask = 2147483647;
			files = (
				BE60A4C11FB78AB300337B13 /* LaunchScreen.storyboard in Resources */,
				BE60A4BE1FB78AB300337B13 /* Assets.xcassets in Resources */,
				BE60A4BC1FB78AB300337B13 /* Main.storyboard in Resources */,
			);
			runOnlyForDeploymentPostprocessing = 0;
		};
/* End PBXResourcesBuildPhase section */

/* Begin PBXShellScriptBuildPhase section */
		0144055EF59698768AB0C0F5 /* [CP] Copy Pods Resources */ = {
			isa = PBXShellScriptBuildPhase;
			buildActionMask = 2147483647;
			files = (
			);
			inputPaths = (
			);
			name = "[CP] Copy Pods Resources";
			outputPaths = (
			);
			runOnlyForDeploymentPostprocessing = 0;
			shellPath = /bin/sh;
			shellScript = "\"${SRCROOT}/Pods/Target Support Files/Pods-TumblerMockUp/Pods-TumblerMockUp-resources.sh\"\n";
			showEnvVarsInLog = 0;
		};
		665EB61CE7F44B29A9CD7E4E /* [CP] Check Pods Manifest.lock */ = {
			isa = PBXShellScriptBuildPhase;
			buildActionMask = 2147483647;
			files = (
			);
			inputPaths = (
			);
			name = "[CP] Check Pods Manifest.lock";
			outputPaths = (
			);
			runOnlyForDeploymentPostprocessing = 0;
			shellPath = /bin/sh;
			shellScript = "diff \"${PODS_ROOT}/../Podfile.lock\" \"${PODS_ROOT}/Manifest.lock\" > /dev/null\nif [ $? != 0 ] ; then\n    # print error to STDERR\n    echo \"error: The sandbox is not in sync with the Podfile.lock. Run 'pod install' or update your CocoaPods installation.\" >&2\n    exit 1\nfi\n";
			showEnvVarsInLog = 0;
		};
		BD601DA367E516579DCABE86 /* [CP] Embed Pods Frameworks */ = {
			isa = PBXShellScriptBuildPhase;
			buildActionMask = 2147483647;
			files = (
			);
			inputPaths = (
			);
			name = "[CP] Embed Pods Frameworks";
			outputPaths = (
			);
			runOnlyForDeploymentPostprocessing = 0;
			shellPath = /bin/sh;
			shellScript = "\"${SRCROOT}/Pods/Target Support Files/Pods-TumblerMockUp/Pods-TumblerMockUp-frameworks.sh\"\n";
			showEnvVarsInLog = 0;
		};
/* End PBXShellScriptBuildPhase section */

/* Begin PBXSourcesBuildPhase section */
		BE60A4AF1FB78AB300337B13 /* Sources */ = {
			isa = PBXSourcesBuildPhase;
			buildActionMask = 2147483647;
			files = (
				BE60A4B71FB78AB300337B13 /* AppDelegate.swift in Sources */,
				BE60A4CD1FB799D300337B13 /* PhotoCell.swift in Sources */,
				BEE60D031FC0C927008DE3EE /* PhotoDetailViewController.swift in Sources */,
				BE60A4CB1FB790AD00337B13 /* PhotosViewController.swift in Sources */,
			);
			runOnlyForDeploymentPostprocessing = 0;
		};
/* End PBXSourcesBuildPhase section */

/* Begin PBXVariantGroup section */
		BE60A4BA1FB78AB300337B13 /* Main.storyboard */ = {
			isa = PBXVariantGroup;
			children = (
				BE60A4BB1FB78AB300337B13 /* Base */,
			);
			name = Main.storyboard;
			sourceTree = "<group>";
		};
		BE60A4BF1FB78AB300337B13 /* LaunchScreen.storyboard */ = {
			isa = PBXVariantGroup;
			children = (
				BE60A4C01FB78AB300337B13 /* Base */,
			);
			name = LaunchScreen.storyboard;
			sourceTree = "<group>";
		};
/* End PBXVariantGroup section */

/* Begin XCBuildConfiguration section */
		BE60A4C31FB78AB300337B13 /* Debug */ = {
			isa = XCBuildConfiguration;
			buildSettings = {
				ALWAYS_SEARCH_USER_PATHS = NO;
				CLANG_ANALYZER_NONNULL = YES;
				CLANG_ANALYZER_NUMBER_OBJECT_CONVERSION = YES_AGGRESSIVE;
				CLANG_CXX_LANGUAGE_STANDARD = "gnu++14";
				CLANG_CXX_LIBRARY = "libc++";
				CLANG_ENABLE_MODULES = YES;
				CLANG_ENABLE_OBJC_ARC = YES;
				CLANG_WARN_BLOCK_CAPTURE_AUTORELEASING = YES;
				CLANG_WARN_BOOL_CONVERSION = YES;
				CLANG_WARN_COMMA = YES;
				CLANG_WARN_CONSTANT_CONVERSION = YES;
				CLANG_WARN_DIRECT_OBJC_ISA_USAGE = YES_ERROR;
				CLANG_WARN_DOCUMENTATION_COMMENTS = YES;
				CLANG_WARN_EMPTY_BODY = YES;
				CLANG_WARN_ENUM_CONVERSION = YES;
				CLANG_WARN_INFINITE_RECURSION = YES;
				CLANG_WARN_INT_CONVERSION = YES;
				CLANG_WARN_NON_LITERAL_NULL_CONVERSION = YES;
				CLANG_WARN_OBJC_LITERAL_CONVERSION = YES;
				CLANG_WARN_OBJC_ROOT_CLASS = YES_ERROR;
				CLANG_WARN_RANGE_LOOP_ANALYSIS = YES;
				CLANG_WARN_STRICT_PROTOTYPES = YES;
				CLANG_WARN_SUSPICIOUS_MOVE = YES;
				CLANG_WARN_UNGUARDED_AVAILABILITY = YES_AGGRESSIVE;
				CLANG_WARN_UNREACHABLE_CODE = YES;
				CLANG_WARN__DUPLICATE_METHOD_MATCH = YES;
				CODE_SIGN_IDENTITY = "iPhone Developer";
				COPY_PHASE_STRIP = NO;
				DEBUG_INFORMATION_FORMAT = dwarf;
				ENABLE_STRICT_OBJC_MSGSEND = YES;
				ENABLE_TESTABILITY = YES;
				GCC_C_LANGUAGE_STANDARD = gnu11;
				GCC_DYNAMIC_NO_PIC = NO;
				GCC_NO_COMMON_BLOCKS = YES;
				GCC_OPTIMIZATION_LEVEL = 0;
				GCC_PREPROCESSOR_DEFINITIONS = (
					"DEBUG=1",
					"$(inherited)",
				);
				GCC_WARN_64_TO_32_BIT_CONVERSION = YES;
				GCC_WARN_ABOUT_RETURN_TYPE = YES_ERROR;
				GCC_WARN_UNDECLARED_SELECTOR = YES;
				GCC_WARN_UNINITIALIZED_AUTOS = YES_AGGRESSIVE;
				GCC_WARN_UNUSED_FUNCTION = YES;
				GCC_WARN_UNUSED_VARIABLE = YES;
				IPHONEOS_DEPLOYMENT_TARGET = 11.1;
				MTL_ENABLE_DEBUG_INFO = YES;
				ONLY_ACTIVE_ARCH = YES;
				SDKROOT = iphoneos;
				SWIFT_ACTIVE_COMPILATION_CONDITIONS = DEBUG;
				SWIFT_OPTIMIZATION_LEVEL = "-Onone";
			};
			name = Debug;
		};
		BE60A4C41FB78AB300337B13 /* Release */ = {
			isa = XCBuildConfiguration;
			buildSettings = {
				ALWAYS_SEARCH_USER_PATHS = NO;
				CLANG_ANALYZER_NONNULL = YES;
				CLANG_ANALYZER_NUMBER_OBJECT_CONVERSION = YES_AGGRESSIVE;
				CLANG_CXX_LANGUAGE_STANDARD = "gnu++14";
				CLANG_CXX_LIBRARY = "libc++";
				CLANG_ENABLE_MODULES = YES;
				CLANG_ENABLE_OBJC_ARC = YES;
				CLANG_WARN_BLOCK_CAPTURE_AUTORELEASING = YES;
				CLANG_WARN_BOOL_CONVERSION = YES;
				CLANG_WARN_COMMA = YES;
				CLANG_WARN_CONSTANT_CONVERSION = YES;
				CLANG_WARN_DIRECT_OBJC_ISA_USAGE = YES_ERROR;
				CLANG_WARN_DOCUMENTATION_COMMENTS = YES;
				CLANG_WARN_EMPTY_BODY = YES;
				CLANG_WARN_ENUM_CONVERSION = YES;
				CLANG_WARN_INFINITE_RECURSION = YES;
				CLANG_WARN_INT_CONVERSION = YES;
				CLANG_WARN_NON_LITERAL_NULL_CONVERSION = YES;
				CLANG_WARN_OBJC_LITERAL_CONVERSION = YES;
				CLANG_WARN_OBJC_ROOT_CLASS = YES_ERROR;
				CLANG_WARN_RANGE_LOOP_ANALYSIS = YES;
				CLANG_WARN_STRICT_PROTOTYPES = YES;
				CLANG_WARN_SUSPICIOUS_MOVE = YES;
				CLANG_WARN_UNGUARDED_AVAILABILITY = YES_AGGRESSIVE;
				CLANG_WARN_UNREACHABLE_CODE = YES;
				CLANG_WARN__DUPLICATE_METHOD_MATCH = YES;
				CODE_SIGN_IDENTITY = "iPhone Developer";
				COPY_PHASE_STRIP = NO;
				DEBUG_INFORMATION_FORMAT = "dwarf-with-dsym";
				ENABLE_NS_ASSERTIONS = NO;
				ENABLE_STRICT_OBJC_MSGSEND = YES;
				GCC_C_LANGUAGE_STANDARD = gnu11;
				GCC_NO_COMMON_BLOCKS = YES;
				GCC_WARN_64_TO_32_BIT_CONVERSION = YES;
				GCC_WARN_ABOUT_RETURN_TYPE = YES_ERROR;
				GCC_WARN_UNDECLARED_SELECTOR = YES;
				GCC_WARN_UNINITIALIZED_AUTOS = YES_AGGRESSIVE;
				GCC_WARN_UNUSED_FUNCTION = YES;
				GCC_WARN_UNUSED_VARIABLE = YES;
				IPHONEOS_DEPLOYMENT_TARGET = 11.1;
				MTL_ENABLE_DEBUG_INFO = NO;
				SDKROOT = iphoneos;
				SWIFT_OPTIMIZATION_LEVEL = "-Owholemodule";
				VALIDATE_PRODUCT = YES;
			};
			name = Release;
		};
		BE60A4C61FB78AB300337B13 /* Debug */ = {
			isa = XCBuildConfiguration;
			baseConfigurationReference = 2F60A8F2C77B6F556E8E3AD2 /* Pods-TumblerMockUp.debug.xcconfig */;
			buildSettings = {
				ASSETCATALOG_COMPILER_APPICON_NAME = AppIcon;
				CODE_SIGN_STYLE = Automatic;
				INFOPLIST_FILE = TumblerMockUp/Info.plist;
				LD_RUNPATH_SEARCH_PATHS = "$(inherited) @executable_path/Frameworks";
				PRODUCT_BUNDLE_IDENTIFIER = com.github.hlpostman.TumblerMockUp;
				PRODUCT_NAME = "$(TARGET_NAME)";
				SWIFT_VERSION = 4.0;
				TARGETED_DEVICE_FAMILY = "1,2";
			};
			name = Debug;
		};
		BE60A4C71FB78AB300337B13 /* Release */ = {
			isa = XCBuildConfiguration;
			baseConfigurationReference = D831325A70D038130AB95141 /* Pods-TumblerMockUp.release.xcconfig */;
			buildSettings = {
				ASSETCATALOG_COMPILER_APPICON_NAME = AppIcon;
				CODE_SIGN_STYLE = Automatic;
				INFOPLIST_FILE = TumblerMockUp/Info.plist;
				LD_RUNPATH_SEARCH_PATHS = "$(inherited) @executable_path/Frameworks";
				PRODUCT_BUNDLE_IDENTIFIER = com.github.hlpostman.TumblerMockUp;
				PRODUCT_NAME = "$(TARGET_NAME)";
				SWIFT_VERSION = 4.0;
				TARGETED_DEVICE_FAMILY = "1,2";
			};
			name = Release;
		};
/* End XCBuildConfiguration section */

/* Begin XCConfigurationList section */
		BE60A4AE1FB78AB300337B13 /* Build configuration list for PBXProject "TumblerMockUp" */ = {
			isa = XCConfigurationList;
			buildConfigurations = (
				BE60A4C31FB78AB300337B13 /* Debug */,
				BE60A4C41FB78AB300337B13 /* Release */,
			);
			defaultConfigurationIsVisible = 0;
			defaultConfigurationName = Release;
		};
		BE60A4C51FB78AB300337B13 /* Build configuration list for PBXNativeTarget "TumblerMockUp" */ = {
			isa = XCConfigurationList;
			buildConfigurations = (
				BE60A4C61FB78AB300337B13 /* Debug */,
				BE60A4C71FB78AB300337B13 /* Release */,
			);
			defaultConfigurationIsVisible = 0;
			defaultConfigurationName = Release;
		};
/* End XCConfigurationList section */
	};
	rootObject = BE60A4AB1FB78AB300337B13 /* Project object */;
}
